
Microsoft Visual Studio Solution File, Format Version 12.00
# Visual Studio Version 16
VisualStudioVersion = 16.0.30907.101
MinimumVisualStudioVersion = 10.0.40219.1
Project("{FAE04EC0-301F-11D3-BF4B-00C04F79EFBC}") = "Iatec.Knowledge.Assessment.Entity", "Iatec.Knowledge.Assessment.Entity\Iatec.Knowledge.Assessment.Entity.csproj", "{57695883-E300-4C07-93EA-C7DB1B6ACF52}"
EndProject
Global
	GlobalSection(SolutionConfigurationPlatforms) = preSolution
		Debug|Any CPU = Debug|Any CPU
		Release|Any CPU = Release|Any CPU
	EndGlobalSection
	GlobalSection(ProjectConfigurationPlatforms) = postSolution
		{57695883-E300-4C07-93EA-C7DB1B6ACF52}.Debug|Any CPU.ActiveCfg = Debug|Any CPU
		{57695883-E300-4C07-93EA-C7DB1B6ACF52}.Debug|Any CPU.Build.0 = Debug|Any CPU
		{57695883-E300-4C07-93EA-C7DB1B6ACF52}.Release|Any CPU.ActiveCfg = Release|Any CPU
		{57695883-E300-4C07-93EA-C7DB1B6ACF52}.Release|Any CPU.Build.0 = Release|Any CPU
	EndGlobalSection
	GlobalSection(SolutionProperties) = preSolution
		HideSolutionNode = FALSE
	EndGlobalSection
	GlobalSection(ExtensibilityGlobals) = postSolution
		SolutionGuid = {A25BD6D8-EF4B-4403-96C5-E7CF561E3B09}
	EndGlobalSection
EndGlobal
