
Microsoft Visual Studio Solution File, Format Version 12.00
# Visual Studio Version 16
VisualStudioVersion = 16.0.30907.101
MinimumVisualStudioVersion = 10.0.40219.1
Project("{FAE04EC0-301F-11D3-BF4B-00C04F79EFBC}") = "Iatec.Knowledge.Assessment.Entity", "Iatec.Knowledge.Assessment.Entity\Iatec.Knowledge.Assessment.Entity.csproj", "{57695883-E300-4C07-93EA-C7DB1B6ACF52}"
EndProject
Project("{FAE04EC0-301F-11D3-BF4B-00C04F79EFBC}") = "Iatec.Knowledge.Assessment.Context", "Iatec.KnowledgeAssessment.Context\Iatec.Knowledge.Assessment.Context.csproj", "{48A0D223-90FE-44AF-BEF5-A3FBFFD615BB}"
EndProject
Project("{FAE04EC0-301F-11D3-BF4B-00C04F79EFBC}") = "Iatec.Knowledge.Assessment.Contracts", "Iatec.Knowledge.Assessment.Contracts\Iatec.Knowledge.Assessment.Contracts.csproj", "{A0A4566E-3F84-4458-B222-61F533E68148}"
EndProject
Project("{FAE04EC0-301F-11D3-BF4B-00C04F79EFBC}") = "Iatec.Knowledge.Assessment.Exceptions", "Iatec.Knowledge.Assessment.Exceptions\Iatec.Knowledge.Assessment.Exceptions.csproj", "{0F5C8A6E-D721-45D3-A63B-26B106AD228B}"
EndProject
Project("{FAE04EC0-301F-11D3-BF4B-00C04F79EFBC}") = "Iatec.Knowledge.Assessment.Business", "Iatec.Knowledge.Assessment.Business\Iatec.Knowledge.Assessment.Business.csproj", "{DF38957F-C282-49FA-9417-83E2959E8A55}"
EndProject
Project("{FAE04EC0-301F-11D3-BF4B-00C04F79EFBC}") = "Iatec.Knowledge.Assessment.Web", "Iatec.Knowledge.Assesment.Web\Iatec.Knowledge.Assessment.Web.csproj", "{4BA35E50-145D-4636-915E-0A5E92DF8800}"
EndProject
Global
	GlobalSection(SolutionConfigurationPlatforms) = preSolution
		Debug|Any CPU = Debug|Any CPU
		Release|Any CPU = Release|Any CPU
	EndGlobalSection
	GlobalSection(ProjectConfigurationPlatforms) = postSolution
		{57695883-E300-4C07-93EA-C7DB1B6ACF52}.Debug|Any CPU.ActiveCfg = Debug|Any CPU
		{57695883-E300-4C07-93EA-C7DB1B6ACF52}.Debug|Any CPU.Build.0 = Debug|Any CPU
		{57695883-E300-4C07-93EA-C7DB1B6ACF52}.Release|Any CPU.ActiveCfg = Release|Any CPU
		{57695883-E300-4C07-93EA-C7DB1B6ACF52}.Release|Any CPU.Build.0 = Release|Any CPU
		{48A0D223-90FE-44AF-BEF5-A3FBFFD615BB}.Debug|Any CPU.ActiveCfg = Debug|Any CPU
		{48A0D223-90FE-44AF-BEF5-A3FBFFD615BB}.Debug|Any CPU.Build.0 = Debug|Any CPU
		{48A0D223-90FE-44AF-BEF5-A3FBFFD615BB}.Release|Any CPU.ActiveCfg = Release|Any CPU
		{48A0D223-90FE-44AF-BEF5-A3FBFFD615BB}.Release|Any CPU.Build.0 = Release|Any CPU
		{A0A4566E-3F84-4458-B222-61F533E68148}.Debug|Any CPU.ActiveCfg = Debug|Any CPU
		{A0A4566E-3F84-4458-B222-61F533E68148}.Debug|Any CPU.Build.0 = Debug|Any CPU
		{A0A4566E-3F84-4458-B222-61F533E68148}.Release|Any CPU.ActiveCfg = Release|Any CPU
		{A0A4566E-3F84-4458-B222-61F533E68148}.Release|Any CPU.Build.0 = Release|Any CPU
		{0F5C8A6E-D721-45D3-A63B-26B106AD228B}.Debug|Any CPU.ActiveCfg = Debug|Any CPU
		{0F5C8A6E-D721-45D3-A63B-26B106AD228B}.Debug|Any CPU.Build.0 = Debug|Any CPU
		{0F5C8A6E-D721-45D3-A63B-26B106AD228B}.Release|Any CPU.ActiveCfg = Release|Any CPU
		{0F5C8A6E-D721-45D3-A63B-26B106AD228B}.Release|Any CPU.Build.0 = Release|Any CPU
		{DF38957F-C282-49FA-9417-83E2959E8A55}.Debug|Any CPU.ActiveCfg = Debug|Any CPU
		{DF38957F-C282-49FA-9417-83E2959E8A55}.Debug|Any CPU.Build.0 = Debug|Any CPU
		{DF38957F-C282-49FA-9417-83E2959E8A55}.Release|Any CPU.ActiveCfg = Release|Any CPU
		{DF38957F-C282-49FA-9417-83E2959E8A55}.Release|Any CPU.Build.0 = Release|Any CPU
		{4BA35E50-145D-4636-915E-0A5E92DF8800}.Debug|Any CPU.ActiveCfg = Debug|Any CPU
		{4BA35E50-145D-4636-915E-0A5E92DF8800}.Debug|Any CPU.Build.0 = Debug|Any CPU
		{4BA35E50-145D-4636-915E-0A5E92DF8800}.Release|Any CPU.ActiveCfg = Release|Any CPU
		{4BA35E50-145D-4636-915E-0A5E92DF8800}.Release|Any CPU.Build.0 = Release|Any CPU
	EndGlobalSection
	GlobalSection(SolutionProperties) = preSolution
		HideSolutionNode = FALSE
	EndGlobalSection
	GlobalSection(ExtensibilityGlobals) = postSolution
		SolutionGuid = {A25BD6D8-EF4B-4403-96C5-E7CF561E3B09}
	EndGlobalSection
EndGlobal
